{
    "name": "Site",
    "lockfileVersion": 2,
    "requires": true,
    "packages": {
        "": {
            "dependencies": {
                "banana-slider": "github:kruceo/bananaslider",
                "vesic-js": "github:inforgdev/vesic-js"
            }
        },
        "node_modules/banana-slider": {
            "version": "0.0.2",
            "resolved": "git+ssh://git@github.com/kruceo/bananaslider.git#daf08fd317437b982ca77e87e419d28c9ef96a6c"
        },
        "node_modules/vesic-js": {
            "version": "0.5.4",
            "resolved": "git+ssh://git@github.com/inforgdev/vesic-js.git#278abdeb8f68010908ac6382950d43ddfe5c605a",
            "license": "SEE LICENSE IN LICENSE.md"
        }
    },
    "dependencies": {
        "banana-slider": {
            "version": "git+ssh://git@github.com/kruceo/bananaslider.git#daf08fd317437b982ca77e87e419d28c9ef96a6c",
            "from": "banana-slider@github:kruceo/bananaslider"
        },
        "vesic-js": {
            "version": "git+ssh://git@github.com/inforgdev/vesic-js.git#278abdeb8f68010908ac6382950d43ddfe5c605a",
            "from": "vesic-js@github:inforgdev/vesic-js"
        }
    }
}
